
Microsoft Visual Studio Solution File, Format Version 12.00
# Visual Studio Version 17
VisualStudioVersion = 17.9.34616.47
MinimumVisualStudioVersion = 10.0.40219.1
Project("{FAE04EC0-301F-11D3-BF4B-00C04F79EFBC}") = "tpmodul4_1302220144", "tpmodul4_1302220144\tpmodul4_1302220144.csproj", "{96CCF8B2-561B-414B-9F40-BA59A6B249B3}"
EndProject
Global
	GlobalSection(SolutionConfigurationPlatforms) = preSolution
		Debug|Any CPU = Debug|Any CPU
		Release|Any CPU = Release|Any CPU
	EndGlobalSection
	GlobalSection(ProjectConfigurationPlatforms) = postSolution
		{96CCF8B2-561B-414B-9F40-BA59A6B249B3}.Debug|Any CPU.ActiveCfg = Debug|Any CPU
		{96CCF8B2-561B-414B-9F40-BA59A6B249B3}.Debug|Any CPU.Build.0 = Debug|Any CPU
		{96CCF8B2-561B-414B-9F40-BA59A6B249B3}.Release|Any CPU.ActiveCfg = Release|Any CPU
		{96CCF8B2-561B-414B-9F40-BA59A6B249B3}.Release|Any CPU.Build.0 = Release|Any CPU
	EndGlobalSection
	GlobalSection(SolutionProperties) = preSolution
		HideSolutionNode = FALSE
	EndGlobalSection
	GlobalSection(ExtensibilityGlobals) = postSolution
		SolutionGuid = {BE981D26-01CA-4577-BC52-973FA4B6F68D}
	EndGlobalSection
EndGlobal
